# This file is automatically @generated by Cargo.
# It is not intended for manual editing.
version = 3

[[package]]
name = "anitomy-rs"
version = "0.1.0"
dependencies = [
 "mod_use",
 "subslice",
 "widestring",
]

[[package]]
name = "memchr"
version = "2.6.4"
source = "registry+https://github.com/rust-lang/crates.io-index"
checksum = "f665ee40bc4a3c5590afb1e9677db74a508659dfd71e126420da8274909a0167"

[[package]]
name = "mod_use"
version = "0.2.1"
source = "registry+https://github.com/rust-lang/crates.io-index"
checksum = "d95ee98a292cf91c2f5b3f35424773af16842a68b3be33b389137606b2633539"

[[package]]
name = "subslice"
version = "0.2.3"
source = "registry+https://github.com/rust-lang/crates.io-index"
checksum = "e0a8e4809a3bb02de01f1f7faf1ba01a83af9e8eabcd4d31dd6e413d14d56aae"
dependencies = [
 "memchr",
]

[[package]]
name = "widestring"
version = "1.0.2"
source = "registry+https://github.com/rust-lang/crates.io-index"
checksum = "653f141f39ec16bba3c5abe400a0c60da7468261cc2cbf36805022876bc721a8"
